
Microsoft Visual Studio Solution File, Format Version 12.00
# Visual Studio 14
VisualStudioVersion = 14.0.23107.0
MinimumVisualStudioVersion = 10.0.40219.1
Project("{FAE04EC0-301F-11D3-BF4B-00C04F79EFBC}") = "Indieeye.web", "Indieeye.web.csproj", "{B201BDA3-76AB-4F24-B1E4-661F9DCC23FD}"
EndProject
Global
	GlobalSection(SolutionConfigurationPlatforms) = preSolution
		Debug|Any CPU = Debug|Any CPU
		Release|Any CPU = Release|Any CPU
	EndGlobalSection
	GlobalSection(ProjectConfigurationPlatforms) = postSolution
		{B201BDA3-76AB-4F24-B1E4-661F9DCC23FD}.Debug|Any CPU.ActiveCfg = Debug|Any CPU
		{B201BDA3-76AB-4F24-B1E4-661F9DCC23FD}.Debug|Any CPU.Build.0 = Debug|Any CPU
		{B201BDA3-76AB-4F24-B1E4-661F9DCC23FD}.Release|Any CPU.ActiveCfg = Release|Any CPU
		{B201BDA3-76AB-4F24-B1E4-661F9DCC23FD}.Release|Any CPU.Build.0 = Release|Any CPU
	EndGlobalSection
	GlobalSection(SolutionProperties) = preSolution
		HideSolutionNode = FALSE
	EndGlobalSection
	GlobalSection(TeamFoundationVersionControl) = preSolution
		SccNumberOfProjects = 2
		SccEnterpriseProvider = {4CA58AB2-18FA-4F8D-95D4-32DDF27D184C}
		SccTeamFoundationServer = https://fon2016.visualstudio.com/defaultcollection
		SccProjectUniqueName0 = Indieeye.web.csproj
		SccLocalPath0 = .
		SccLocalPath1 = .
	EndGlobalSection
EndGlobal
